
Microsoft Visual Studio Solution File, Format Version 12.00
# Visual Studio Version 17
VisualStudioVersion = 17.14.36127.28 d17.14
MinimumVisualStudioVersion = 10.0.40219.1
Project("{FAE04EC0-301F-11D3-BF4B-00C04F79EFBC}") = "SpectrumNinja.AdminPortal.Web", "SpectrumNinja.AdminPortal.Web\SpectrumNinja.AdminPortal.Web.csproj", "{90D9BE81-A1D1-4DDA-A134-EE46E882B01F}"
EndProject
Global
	GlobalSection(SolutionConfigurationPlatforms) = preSolution
		Debug|Any CPU = Debug|Any CPU
		Release|Any CPU = Release|Any CPU
	EndGlobalSection
	GlobalSection(ProjectConfigurationPlatforms) = postSolution
		{90D9BE81-A1D1-4DDA-A134-EE46E882B01F}.Debug|Any CPU.ActiveCfg = Debug|Any CPU
		{90D9BE81-A1D1-4DDA-A134-EE46E882B01F}.Debug|Any CPU.Build.0 = Debug|Any CPU
		{90D9BE81-A1D1-4DDA-A134-EE46E882B01F}.Release|Any CPU.ActiveCfg = Release|Any CPU
		{90D9BE81-A1D1-4DDA-A134-EE46E882B01F}.Release|Any CPU.Build.0 = Release|Any CPU
	EndGlobalSection
	GlobalSection(SolutionProperties) = preSolution
		HideSolutionNode = FALSE
	EndGlobalSection
	GlobalSection(ExtensibilityGlobals) = postSolution
		SolutionGuid = {1F261321-C883-4239-9268-1285CE754E4A}
	EndGlobalSection
EndGlobal
